
Microsoft Visual Studio Solution File, Format Version 12.00
# Visual Studio 15
VisualStudioVersion = 15.0.28307.572
MinimumVisualStudioVersion = 10.0.40219.1
Project("{FAE04EC0-301F-11D3-BF4B-00C04F79EFBC}") = "PL_HW_2_1", "PL_HW_2\PL_HW_2_1.csproj", "{1DFBFBCB-AAEB-4820-8DCD-82828962954A}"
EndProject
Project("{FAE04EC0-301F-11D3-BF4B-00C04F79EFBC}") = "LispParser", "LispParser\LispParser.csproj", "{3352F2D4-6ECE-461F-A079-5143D750B62E}"
EndProject
Project("{FAE04EC0-301F-11D3-BF4B-00C04F79EFBC}") = "LispParser_New", "LispParser_New\LispParser_New.csproj", "{F4113A5C-C916-476F-B89E-CD40E9DF8AA6}"
EndProject
Global
	GlobalSection(SolutionConfigurationPlatforms) = preSolution
		Debug|Any CPU = Debug|Any CPU
		Release|Any CPU = Release|Any CPU
	EndGlobalSection
	GlobalSection(ProjectConfigurationPlatforms) = postSolution
		{1DFBFBCB-AAEB-4820-8DCD-82828962954A}.Debug|Any CPU.ActiveCfg = Debug|Any CPU
		{1DFBFBCB-AAEB-4820-8DCD-82828962954A}.Debug|Any CPU.Build.0 = Debug|Any CPU
		{1DFBFBCB-AAEB-4820-8DCD-82828962954A}.Release|Any CPU.ActiveCfg = Release|Any CPU
		{1DFBFBCB-AAEB-4820-8DCD-82828962954A}.Release|Any CPU.Build.0 = Release|Any CPU
		{3352F2D4-6ECE-461F-A079-5143D750B62E}.Debug|Any CPU.ActiveCfg = Debug|Any CPU
		{3352F2D4-6ECE-461F-A079-5143D750B62E}.Debug|Any CPU.Build.0 = Debug|Any CPU
		{3352F2D4-6ECE-461F-A079-5143D750B62E}.Release|Any CPU.ActiveCfg = Release|Any CPU
		{3352F2D4-6ECE-461F-A079-5143D750B62E}.Release|Any CPU.Build.0 = Release|Any CPU
		{F4113A5C-C916-476F-B89E-CD40E9DF8AA6}.Debug|Any CPU.ActiveCfg = Debug|Any CPU
		{F4113A5C-C916-476F-B89E-CD40E9DF8AA6}.Debug|Any CPU.Build.0 = Debug|Any CPU
		{F4113A5C-C916-476F-B89E-CD40E9DF8AA6}.Release|Any CPU.ActiveCfg = Release|Any CPU
		{F4113A5C-C916-476F-B89E-CD40E9DF8AA6}.Release|Any CPU.Build.0 = Release|Any CPU
	EndGlobalSection
	GlobalSection(SolutionProperties) = preSolution
		HideSolutionNode = FALSE
	EndGlobalSection
	GlobalSection(ExtensibilityGlobals) = postSolution
		SolutionGuid = {8AF09C12-3CAD-4143-B324-432CFDDE103C}
	EndGlobalSection
EndGlobal
